// !$*UTF8*$!
{
	archiveVersion = 1;
	classes = {
	};
	objectVersion = 46;
	objects = {

/* Begin PBXBuildFile section */
		E927C44A1EC12F14004E0C3C /* Sound.caf in Resources */ = {isa = PBXBuildFile; fileRef = E927C4491EC12F14004E0C3C /* Sound.caf */; };
		E96706EC1EBFC14B008BD1B4 /* String+AddText.swift in Sources */ = {isa = PBXBuildFile; fileRef = E96706EB1EBFC14B008BD1B4 /* String+AddText.swift */; };
		E96706EE1EC00588008BD1B4 /* MyTabBarController.swift in Sources */ = {isa = PBXBuildFile; fileRef = E96706ED1EC00588008BD1B4 /* MyTabBarController.swift */; };
		E96706F01EC00686008BD1B4 /* MyNavigationController.swift in Sources */ = {isa = PBXBuildFile; fileRef = E96706EF1EC00686008BD1B4 /* MyNavigationController.swift */; };
		E96706F21EC006DF008BD1B4 /* MyImagePickerController.swift in Sources */ = {isa = PBXBuildFile; fileRef = E96706F11EC006DF008BD1B4 /* MyImagePickerController.swift */; };
		E9AFE1D61EBA9855004B0A35 /* MapKit.framework in Frameworks */ = {isa = PBXBuildFile; fileRef = E9AFE1D51EBA9855004B0A35 /* MapKit.framework */; };
		E9AFE1D81EBA991E004B0A35 /* MapViewController.swift in Sources */ = {isa = PBXBuildFile; fileRef = E9AFE1D71EBA991E004B0A35 /* MapViewController.swift */; };
		E9D8BC5A1EB7E21100F10793 /* CategoryPickerViewController.swift in Sources */ = {isa = PBXBuildFile; fileRef = E9D8BC591EB7E21100F10793 /* CategoryPickerViewController.swift */; };
		E9D8BC5C1EB8148700F10793 /* HudView.swift in Sources */ = {isa = PBXBuildFile; fileRef = E9D8BC5B1EB8148700F10793 /* HudView.swift */; };
		E9D8BC5E1EB8459A00F10793 /* Functions.swift in Sources */ = {isa = PBXBuildFile; fileRef = E9D8BC5D1EB8459A00F10793 /* Functions.swift */; };
		E9DB79C71EBD936F004ACA45 /* UIImage+Resize.swift in Sources */ = {isa = PBXBuildFile; fileRef = E9DB79C61EBD936F004ACA45 /* UIImage+Resize.swift */; };
		E9F2248F1EB2C682003146FB /* AppDelegate.swift in Sources */ = {isa = PBXBuildFile; fileRef = E9F2248E1EB2C682003146FB /* AppDelegate.swift */; };
		E9F224911EB2C682003146FB /* CurrentLocationViewController.swift in Sources */ = {isa = PBXBuildFile; fileRef = E9F224901EB2C682003146FB /* CurrentLocationViewController.swift */; };
		E9F224931EB2C682003146FB /* LocationDetailsViewController.swift in Sources */ = {isa = PBXBuildFile; fileRef = E9F224921EB2C682003146FB /* LocationDetailsViewController.swift */; };
		E9F224961EB2C682003146FB /* Main.storyboard in Resources */ = {isa = PBXBuildFile; fileRef = E9F224941EB2C682003146FB /* Main.storyboard */; };
		E9F224981EB2C682003146FB /* Assets.xcassets in Resources */ = {isa = PBXBuildFile; fileRef = E9F224971EB2C682003146FB /* Assets.xcassets */; };
		E9F5C24F1EB930C600930221 /* DataModel.xcdatamodeld in Sources */ = {isa = PBXBuildFile; fileRef = E9F5C24D1EB930C600930221 /* DataModel.xcdatamodeld */; };
		E9F5C2561EB931C500930221 /* Location+CoreDataClass.swift in Sources */ = {isa = PBXBuildFile; fileRef = E9F5C2541EB931C500930221 /* Location+CoreDataClass.swift */; };
		E9F5C2571EB931C500930221 /* Location+CoreDataProperties.swift in Sources */ = {isa = PBXBuildFile; fileRef = E9F5C2551EB931C500930221 /* Location+CoreDataProperties.swift */; };
		E9F5C2591EB96FE900930221 /* LocationsViewController.swift in Sources */ = {isa = PBXBuildFile; fileRef = E9F5C2581EB96FE900930221 /* LocationsViewController.swift */; };
		E9F5C25B1EB9879700930221 /* LocationCell.swift in Sources */ = {isa = PBXBuildFile; fileRef = E9F5C25A1EB9879700930221 /* LocationCell.swift */; };
/* End PBXBuildFile section */

/* Begin PBXFileReference section */
		E927C4491EC12F14004E0C3C /* Sound.caf */ = {isa = PBXFileReference; lastKnownFileType = file; path = Sound.caf; sourceTree = "<group>"; };
		E96706EB1EBFC14B008BD1B4 /* String+AddText.swift */ = {isa = PBXFileReference; fileEncoding = 4; lastKnownFileType = sourcecode.swift; path = "String+AddText.swift"; sourceTree = "<group>"; };
		E96706ED1EC00588008BD1B4 /* MyTabBarController.swift */ = {isa = PBXFileReference; fileEncoding = 4; lastKnownFileType = sourcecode.swift; path = MyTabBarController.swift; sourceTree = "<group>"; };
		E96706EF1EC00686008BD1B4 /* MyNavigationController.swift */ = {isa = PBXFileReference; fileEncoding = 4; lastKnownFileType = sourcecode.swift; path = MyNavigationController.swift; sourceTree = "<group>"; };
		E96706F11EC006DF008BD1B4 /* MyImagePickerController.swift */ = {isa = PBXFileReference; fileEncoding = 4; lastKnownFileType = sourcecode.swift; path = MyImagePickerController.swift; sourceTree = "<group>"; };
		E9AFE1D51EBA9855004B0A35 /* MapKit.framework */ = {isa = PBXFileReference; lastKnownFileType = wrapper.framework; name = MapKit.framework; path = System/Library/Frameworks/MapKit.framework; sourceTree = SDKROOT; };
		E9AFE1D71EBA991E004B0A35 /* MapViewController.swift */ = {isa = PBXFileReference; fileEncoding = 4; lastKnownFileType = sourcecode.swift; path = MapViewController.swift; sourceTree = "<group>"; };
		E9D8BC591EB7E21100F10793 /* CategoryPickerViewController.swift */ = {isa = PBXFileReference; fileEncoding = 4; lastKnownFileType = sourcecode.swift; path = CategoryPickerViewController.swift; sourceTree = "<group>"; };
		E9D8BC5B1EB8148700F10793 /* HudView.swift */ = {isa = PBXFileReference; fileEncoding = 4; lastKnownFileType = sourcecode.swift; path = HudView.swift; sourceTree = "<group>"; };
		E9D8BC5D1EB8459A00F10793 /* Functions.swift */ = {isa = PBXFileReference; fileEncoding = 4; lastKnownFileType = sourcecode.swift; path = Functions.swift; sourceTree = "<group>"; };
		E9DB79C61EBD936F004ACA45 /* UIImage+Resize.swift */ = {isa = PBXFileReference; fileEncoding = 4; lastKnownFileType = sourcecode.swift; path = "UIImage+Resize.swift"; sourceTree = "<group>"; };
		E9F2248B1EB2C682003146FB /* MyLocations.app */ = {isa = PBXFileReference; explicitFileType = wrapper.application; includeInIndex = 0; path = MyLocations.app; sourceTree = BUILT_PRODUCTS_DIR; };
		E9F2248E1EB2C682003146FB /* AppDelegate.swift */ = {isa = PBXFileReference; lastKnownFileType = sourcecode.swift; path = AppDelegate.swift; sourceTree = "<group>"; };
		E9F224901EB2C682003146FB /* CurrentLocationViewController.swift */ = {isa = PBXFileReference; lastKnownFileType = sourcecode.swift; path = CurrentLocationViewController.swift; sourceTree = "<group>"; };
		E9F224921EB2C682003146FB /* LocationDetailsViewController.swift */ = {isa = PBXFileReference; lastKnownFileType = sourcecode.swift; path = LocationDetailsViewController.swift; sourceTree = "<group>"; };
		E9F224951EB2C682003146FB /* Base */ = {isa = PBXFileReference; lastKnownFileType = file.storyboard; name = Base; path = Base.lproj/Main.storyboard; sourceTree = "<group>"; };
		E9F224971EB2C682003146FB /* Assets.xcassets */ = {isa = PBXFileReference; lastKnownFileType = folder.assetcatalog; path = Assets.xcassets; sourceTree = "<group>"; };
		E9F2249C1EB2C682003146FB /* Info.plist */ = {isa = PBXFileReference; lastKnownFileType = text.plist.xml; path = Info.plist; sourceTree = "<group>"; };
		E9F5C24E1EB930C600930221 /* DataModel.xcdatamodel */ = {isa = PBXFileReference; lastKnownFileType = wrapper.xcdatamodel; path = DataModel.xcdatamodel; sourceTree = "<group>"; };
		E9F5C2541EB931C500930221 /* Location+CoreDataClass.swift */ = {isa = PBXFileReference; fileEncoding = 4; lastKnownFileType = sourcecode.swift; path = "Location+CoreDataClass.swift"; sourceTree = "<group>"; };
		E9F5C2551EB931C500930221 /* Location+CoreDataProperties.swift */ = {isa = PBXFileReference; fileEncoding = 4; lastKnownFileType = sourcecode.swift; path = "Location+CoreDataProperties.swift"; sourceTree = "<group>"; };
		E9F5C2581EB96FE900930221 /* LocationsViewController.swift */ = {isa = PBXFileReference; fileEncoding = 4; lastKnownFileType = sourcecode.swift; path = LocationsViewController.swift; sourceTree = "<group>"; };
		E9F5C25A1EB9879700930221 /* LocationCell.swift */ = {isa = PBXFileReference; fileEncoding = 4; lastKnownFileType = sourcecode.swift; path = LocationCell.swift; sourceTree = "<group>"; };
/* End PBXFileReference section */

/* Begin PBXFrameworksBuildPhase section */
		E9F224881EB2C682003146FB /* Frameworks */ = {
			isa = PBXFrameworksBuildPhase;
			buildActionMask = 2147483647;
			files = (
				E9AFE1D61EBA9855004B0A35 /* MapKit.framework in Frameworks */,
			);
			runOnlyForDeploymentPostprocessing = 0;
		};
/* End PBXFrameworksBuildPhase section */

/* Begin PBXGroup section */
		E9AFE1D41EBA9855004B0A35 /* Frameworks */ = {
			isa = PBXGroup;
			children = (
				E9AFE1D51EBA9855004B0A35 /* MapKit.framework */,
			);
			name = Frameworks;
			sourceTree = "<group>";
		};
		E9F224821EB2C682003146FB = {
			isa = PBXGroup;
			children = (
				E9F2248D1EB2C682003146FB /* MyLocations */,
				E9F2248C1EB2C682003146FB /* Products */,
				E9AFE1D41EBA9855004B0A35 /* Frameworks */,
			);
			sourceTree = "<group>";
		};
		E9F2248C1EB2C682003146FB /* Products */ = {
			isa = PBXGroup;
			children = (
				E9F2248B1EB2C682003146FB /* MyLocations.app */,
			);
			name = Products;
			sourceTree = "<group>";
		};
		E9F2248D1EB2C682003146FB /* MyLocations */ = {
			isa = PBXGroup;
			children = (
				E9D8BC5D1EB8459A00F10793 /* Functions.swift */,
				E9F2248E1EB2C682003146FB /* AppDelegate.swift */,
				E9F224901EB2C682003146FB /* CurrentLocationViewController.swift */,
				E9F224921EB2C682003146FB /* LocationDetailsViewController.swift */,
				E9D8BC591EB7E21100F10793 /* CategoryPickerViewController.swift */,
				E9D8BC5B1EB8148700F10793 /* HudView.swift */,
				E9F5C2581EB96FE900930221 /* LocationsViewController.swift */,
				E9F5C25A1EB9879700930221 /* LocationCell.swift */,
				E9AFE1D71EBA991E004B0A35 /* MapViewController.swift */,
				E96706ED1EC00588008BD1B4 /* MyTabBarController.swift */,
				E96706EF1EC00686008BD1B4 /* MyNavigationController.swift */,
				E96706F11EC006DF008BD1B4 /* MyImagePickerController.swift */,
				E96706EB1EBFC14B008BD1B4 /* String+AddText.swift */,
				E9DB79C61EBD936F004ACA45 /* UIImage+Resize.swift */,
				E9F5C2541EB931C500930221 /* Location+CoreDataClass.swift */,
				E9F5C2551EB931C500930221 /* Location+CoreDataProperties.swift */,
				E9F5C24D1EB930C600930221 /* DataModel.xcdatamodeld */,
				E9F224941EB2C682003146FB /* Main.storyboard */,
				E9F224971EB2C682003146FB /* Assets.xcassets */,
				E927C4491EC12F14004E0C3C /* Sound.caf */,
				E9F2249C1EB2C682003146FB /* Info.plist */,
			);
			path = MyLocations;
			sourceTree = "<group>";
		};
/* End PBXGroup section */

/* Begin PBXNativeTarget section */
		E9F2248A1EB2C682003146FB /* MyLocations */ = {
			isa = PBXNativeTarget;
			buildConfigurationList = E9F2249F1EB2C682003146FB /* Build configuration list for PBXNativeTarget "MyLocations" */;
			buildPhases = (
				E9F224871EB2C682003146FB /* Sources */,
				E9F224881EB2C682003146FB /* Frameworks */,
				E9F224891EB2C682003146FB /* Resources */,
			);
			buildRules = (
			);
			dependencies = (
			);
			name = MyLocations;
			productName = MyLocations;
			productReference = E9F2248B1EB2C682003146FB /* MyLocations.app */;
			productType = "com.apple.product-type.application";
		};
/* End PBXNativeTarget section */

/* Begin PBXProject section */
		E9F224831EB2C682003146FB /* Project object */ = {
			isa = PBXProject;
			attributes = {
				LastSwiftUpdateCheck = 0830;
				LastUpgradeCheck = 0830;
				ORGANIZATIONNAME = "Khalid Alrashed";
				TargetAttributes = {
					E9F2248A1EB2C682003146FB = {
						CreatedOnToolsVersion = 8.3.2;
						DevelopmentTeam = MD894V3P79;
						ProvisioningStyle = Automatic;
						SystemCapabilities = {
							com.apple.Maps.iOS = {
								enabled = 1;
							};
						};
					};
				};
			};
			buildConfigurationList = E9F224861EB2C682003146FB /* Build configuration list for PBXProject "MyLocations" */;
			compatibilityVersion = "Xcode 3.2";
			developmentRegion = English;
			hasScannedForEncodings = 0;
			knownRegions = (
				en,
				Base,
			);
			mainGroup = E9F224821EB2C682003146FB;
			productRefGroup = E9F2248C1EB2C682003146FB /* Products */;
			projectDirPath = "";
			projectRoot = "";
			targets = (
				E9F2248A1EB2C682003146FB /* MyLocations */,
			);
		};
/* End PBXProject section */

/* Begin PBXResourcesBuildPhase section */
		E9F224891EB2C682003146FB /* Resources */ = {
			isa = PBXResourcesBuildPhase;
			buildActionMask = 2147483647;
			files = (
				E9F224981EB2C682003146FB /* Assets.xcassets in Resources */,
				E927C44A1EC12F14004E0C3C /* Sound.caf in Resources */,
				E9F224961EB2C682003146FB /* Main.storyboard in Resources */,
			);
			runOnlyForDeploymentPostprocessing = 0;
		};
/* End PBXResourcesBuildPhase section */

/* Begin PBXSourcesBuildPhase section */
		E9F224871EB2C682003146FB /* Sources */ = {
			isa = PBXSourcesBuildPhase;
			buildActionMask = 2147483647;
			files = (
				E9D8BC5A1EB7E21100F10793 /* CategoryPickerViewController.swift in Sources */,
				E96706F01EC00686008BD1B4 /* MyNavigationController.swift in Sources */,
				E9F5C2591EB96FE900930221 /* LocationsViewController.swift in Sources */,
				E96706F21EC006DF008BD1B4 /* MyImagePickerController.swift in Sources */,
				E9D8BC5C1EB8148700F10793 /* HudView.swift in Sources */,
				E9F224931EB2C682003146FB /* LocationDetailsViewController.swift in Sources */,
				E9F5C24F1EB930C600930221 /* DataModel.xcdatamodeld in Sources */,
				E9DB79C71EBD936F004ACA45 /* UIImage+Resize.swift in Sources */,
				E9F5C2561EB931C500930221 /* Location+CoreDataClass.swift in Sources */,
				E9F5C25B1EB9879700930221 /* LocationCell.swift in Sources */,
				E9AFE1D81EBA991E004B0A35 /* MapViewController.swift in Sources */,
				E96706EC1EBFC14B008BD1B4 /* String+AddText.swift in Sources */,
				E9F5C2571EB931C500930221 /* Location+CoreDataProperties.swift in Sources */,
				E9F2248F1EB2C682003146FB /* AppDelegate.swift in Sources */,
				E9F224911EB2C682003146FB /* CurrentLocationViewController.swift in Sources */,
				E9D8BC5E1EB8459A00F10793 /* Functions.swift in Sources */,
				E96706EE1EC00588008BD1B4 /* MyTabBarController.swift in Sources */,
			);
			runOnlyForDeploymentPostprocessing = 0;
		};
/* End PBXSourcesBuildPhase section */

/* Begin PBXVariantGroup section */
		E9F224941EB2C682003146FB /* Main.storyboard */ = {
			isa = PBXVariantGroup;
			children = (
				E9F224951EB2C682003146FB /* Base */,
			);
			name = Main.storyboard;
			sourceTree = "<group>";
		};
/* End PBXVariantGroup section */

/* Begin XCBuildConfiguration section */
		E9F2249D1EB2C682003146FB /* Debug */ = {
			isa = XCBuildConfiguration;
			buildSettings = {
				ALWAYS_SEARCH_USER_PATHS = NO;
				CLANG_ANALYZER_NONNULL = YES;
				CLANG_ANALYZER_NUMBER_OBJECT_CONVERSION = YES_AGGRESSIVE;
				CLANG_CXX_LANGUAGE_STANDARD = "gnu++0x";
				CLANG_CXX_LIBRARY = "libc++";
				CLANG_ENABLE_MODULES = YES;
				CLANG_ENABLE_OBJC_ARC = YES;
				CLANG_WARN_BOOL_CONVERSION = YES;
				CLANG_WARN_CONSTANT_CONVERSION = YES;
				CLANG_WARN_DIRECT_OBJC_ISA_USAGE = YES_ERROR;
				CLANG_WARN_DOCUMENTATION_COMMENTS = YES;
				CLANG_WARN_EMPTY_BODY = YES;
				CLANG_WARN_ENUM_CONVERSION = YES;
				CLANG_WARN_INFINITE_RECURSION = YES;
				CLANG_WARN_INT_CONVERSION = YES;
				CLANG_WARN_OBJC_ROOT_CLASS = YES_ERROR;
				CLANG_WARN_SUSPICIOUS_MOVE = YES;
				CLANG_WARN_UNREACHABLE_CODE = YES;
				CLANG_WARN__DUPLICATE_METHOD_MATCH = YES;
				"CODE_SIGN_IDENTITY[sdk=iphoneos*]" = "iPhone Developer";
				COPY_PHASE_STRIP = NO;
				DEBUG_INFORMATION_FORMAT = dwarf;
				ENABLE_STRICT_OBJC_MSGSEND = YES;
				ENABLE_TESTABILITY = YES;
				GCC_C_LANGUAGE_STANDARD = gnu99;
				GCC_DYNAMIC_NO_PIC = NO;
				GCC_NO_COMMON_BLOCKS = YES;
				GCC_OPTIMIZATION_LEVEL = 0;
				GCC_PREPROCESSOR_DEFINITIONS = (
					"DEBUG=1",
					"$(inherited)",
				);
				GCC_WARN_64_TO_32_BIT_CONVERSION = YES;
				GCC_WARN_ABOUT_RETURN_TYPE = YES_ERROR;
				GCC_WARN_UNDECLARED_SELECTOR = YES;
				GCC_WARN_UNINITIALIZED_AUTOS = YES_AGGRESSIVE;
				GCC_WARN_UNUSED_FUNCTION = YES;
				GCC_WARN_UNUSED_VARIABLE = YES;
				IPHONEOS_DEPLOYMENT_TARGET = 10.3;
				MTL_ENABLE_DEBUG_INFO = YES;
				ONLY_ACTIVE_ARCH = YES;
				SDKROOT = iphoneos;
				SWIFT_ACTIVE_COMPILATION_CONDITIONS = DEBUG;
				SWIFT_OPTIMIZATION_LEVEL = "-Onone";
			};
			name = Debug;
		};
		E9F2249E1EB2C682003146FB /* Release */ = {
			isa = XCBuildConfiguration;
			buildSettings = {
				ALWAYS_SEARCH_USER_PATHS = NO;
				CLANG_ANALYZER_NONNULL = YES;
				CLANG_ANALYZER_NUMBER_OBJECT_CONVERSION = YES_AGGRESSIVE;
				CLANG_CXX_LANGUAGE_STANDARD = "gnu++0x";
				CLANG_CXX_LIBRARY = "libc++";
				CLANG_ENABLE_MODULES = YES;
				CLANG_ENABLE_OBJC_ARC = YES;
				CLANG_WARN_BOOL_CONVERSION = YES;
				CLANG_WARN_CONSTANT_CONVERSION = YES;
				CLANG_WARN_DIRECT_OBJC_ISA_USAGE = YES_ERROR;
				CLANG_WARN_DOCUMENTATION_COMMENTS = YES;
				CLANG_WARN_EMPTY_BODY = YES;
				CLANG_WARN_ENUM_CONVERSION = YES;
				CLANG_WARN_INFINITE_RECURSION = YES;
				CLANG_WARN_INT_CONVERSION = YES;
				CLANG_WARN_OBJC_ROOT_CLASS = YES_ERROR;
				CLANG_WARN_SUSPICIOUS_MOVE = YES;
				CLANG_WARN_UNREACHABLE_CODE = YES;
				CLANG_WARN__DUPLICATE_METHOD_MATCH = YES;
				"CODE_SIGN_IDENTITY[sdk=iphoneos*]" = "iPhone Developer";
				COPY_PHASE_STRIP = NO;
				DEBUG_INFORMATION_FORMAT = "dwarf-with-dsym";
				ENABLE_NS_ASSERTIONS = NO;
				ENABLE_STRICT_OBJC_MSGSEND = YES;
				GCC_C_LANGUAGE_STANDARD = gnu99;
				GCC_NO_COMMON_BLOCKS = YES;
				GCC_WARN_64_TO_32_BIT_CONVERSION = YES;
				GCC_WARN_ABOUT_RETURN_TYPE = YES_ERROR;
				GCC_WARN_UNDECLARED_SELECTOR = YES;
				GCC_WARN_UNINITIALIZED_AUTOS = YES_AGGRESSIVE;
				GCC_WARN_UNUSED_FUNCTION = YES;
				GCC_WARN_UNUSED_VARIABLE = YES;
				IPHONEOS_DEPLOYMENT_TARGET = 10.3;
				MTL_ENABLE_DEBUG_INFO = NO;
				SDKROOT = iphoneos;
				SWIFT_OPTIMIZATION_LEVEL = "-Owholemodule";
				VALIDATE_PRODUCT = YES;
			};
			name = Release;
		};
		E9F224A01EB2C682003146FB /* Debug */ = {
			isa = XCBuildConfiguration;
			buildSettings = {
				ASSETCATALOG_COMPILER_APPICON_NAME = AppIcon;
				ASSETCATALOG_COMPILER_LAUNCHIMAGE_NAME = LaunchImage;
				DEVELOPMENT_TEAM = MD894V3P79;
				INFOPLIST_FILE = MyLocations/Info.plist;
				LD_RUNPATH_SEARCH_PATHS = "$(inherited) @executable_path/Frameworks";
				PRODUCT_BUNDLE_IDENTIFIER = com.Alrashed.MyLocations;
				PRODUCT_NAME = "$(TARGET_NAME)";
				SWIFT_VERSION = 3.0;
			};
			name = Debug;
		};
		E9F224A11EB2C682003146FB /* Release */ = {
			isa = XCBuildConfiguration;
			buildSettings = {
				ASSETCATALOG_COMPILER_APPICON_NAME = AppIcon;
				ASSETCATALOG_COMPILER_LAUNCHIMAGE_NAME = LaunchImage;
				DEVELOPMENT_TEAM = MD894V3P79;
				INFOPLIST_FILE = MyLocations/Info.plist;
				LD_RUNPATH_SEARCH_PATHS = "$(inherited) @executable_path/Frameworks";
				PRODUCT_BUNDLE_IDENTIFIER = com.Alrashed.MyLocations;
				PRODUCT_NAME = "$(TARGET_NAME)";
				SWIFT_VERSION = 3.0;
			};
			name = Release;
		};
/* End XCBuildConfiguration section */

/* Begin XCConfigurationList section */
		E9F224861EB2C682003146FB /* Build configuration list for PBXProject "MyLocations" */ = {
			isa = XCConfigurationList;
			buildConfigurations = (
				E9F2249D1EB2C682003146FB /* Debug */,
				E9F2249E1EB2C682003146FB /* Release */,
			);
			defaultConfigurationIsVisible = 0;
			defaultConfigurationName = Release;
		};
		E9F2249F1EB2C682003146FB /* Build configuration list for PBXNativeTarget "MyLocations" */ = {
			isa = XCConfigurationList;
			buildConfigurations = (
				E9F224A01EB2C682003146FB /* Debug */,
				E9F224A11EB2C682003146FB /* Release */,
			);
			defaultConfigurationIsVisible = 0;
			defaultConfigurationName = Release;
		};
/* End XCConfigurationList section */

/* Begin XCVersionGroup section */
		E9F5C24D1EB930C600930221 /* DataModel.xcdatamodeld */ = {
			isa = XCVersionGroup;
			children = (
				E9F5C24E1EB930C600930221 /* DataModel.xcdatamodel */,
			);
			currentVersion = E9F5C24E1EB930C600930221 /* DataModel.xcdatamodel */;
			path = DataModel.xcdatamodeld;
			sourceTree = "<group>";
			versionGroupType = wrapper.xcdatamodel;
		};
/* End XCVersionGroup section */
	};
	rootObject = E9F224831EB2C682003146FB /* Project object */;
}
